// !$*UTF8*$!
{
	archiveVersion = 1;
	classes = {
	};
	objectVersion = 50;
	objects = {

/* Begin PBXBuildFile section */
		B35662DA23860F150027BE7B /* ChurLocation.framework in Frameworks */ = {isa = PBXBuildFile; fileRef = B35662D023860F150027BE7B /* ChurLocation.framework */; };
		B35662DF23860F150027BE7B /* ChurLocationTests.swift in Sources */ = {isa = PBXBuildFile; fileRef = B35662DE23860F150027BE7B /* ChurLocationTests.swift */; };
		B35662E123860F150027BE7B /* ChurLocation.h in Headers */ = {isa = PBXBuildFile; fileRef = B35662D323860F150027BE7B /* ChurLocation.h */; settings = {ATTRIBUTES = (Public, ); }; };
		B35662F1238615A10027BE7B /* AppDelegate.swift in Sources */ = {isa = PBXBuildFile; fileRef = B35662F0238615A10027BE7B /* AppDelegate.swift */; };
		B35662F3238615A10027BE7B /* SceneDelegate.swift in Sources */ = {isa = PBXBuildFile; fileRef = B35662F2238615A10027BE7B /* SceneDelegate.swift */; };
		B35662F5238615A10027BE7B /* ContentView.swift in Sources */ = {isa = PBXBuildFile; fileRef = B35662F4238615A10027BE7B /* ContentView.swift */; };
		B35662F7238615A30027BE7B /* Assets.xcassets in Resources */ = {isa = PBXBuildFile; fileRef = B35662F6238615A30027BE7B /* Assets.xcassets */; };
		B35662FA238615A30027BE7B /* Preview Assets.xcassets in Resources */ = {isa = PBXBuildFile; fileRef = B35662F9238615A30027BE7B /* Preview Assets.xcassets */; };
		B35662FD238615A30027BE7B /* LaunchScreen.storyboard in Resources */ = {isa = PBXBuildFile; fileRef = B35662FB238615A30027BE7B /* LaunchScreen.storyboard */; };
		B356630323861A9B0027BE7B /* ChurLocation.swift in Sources */ = {isa = PBXBuildFile; fileRef = B356630223861A9B0027BE7B /* ChurLocation.swift */; };
/* End PBXBuildFile section */

/* Begin PBXContainerItemProxy section */
		B35662DB23860F150027BE7B /* PBXContainerItemProxy */ = {
			isa = PBXContainerItemProxy;
			containerPortal = B35662C723860F150027BE7B /* Project object */;
			proxyType = 1;
			remoteGlobalIDString = B35662CF23860F150027BE7B;
			remoteInfo = ChurLocation;
		};
/* End PBXContainerItemProxy section */

/* Begin PBXFileReference section */
		B35662D023860F150027BE7B /* ChurLocation.framework */ = {isa = PBXFileReference; explicitFileType = wrapper.framework; includeInIndex = 0; path = ChurLocation.framework; sourceTree = BUILT_PRODUCTS_DIR; };
		B35662D323860F150027BE7B /* ChurLocation.h */ = {isa = PBXFileReference; lastKnownFileType = sourcecode.c.h; path = ChurLocation.h; sourceTree = "<group>"; };
		B35662D423860F150027BE7B /* Info.plist */ = {isa = PBXFileReference; lastKnownFileType = text.plist.xml; path = Info.plist; sourceTree = "<group>"; };
		B35662D923860F150027BE7B /* ChurLocationTests.xctest */ = {isa = PBXFileReference; explicitFileType = wrapper.cfbundle; includeInIndex = 0; path = ChurLocationTests.xctest; sourceTree = BUILT_PRODUCTS_DIR; };
		B35662DE23860F150027BE7B /* ChurLocationTests.swift */ = {isa = PBXFileReference; lastKnownFileType = sourcecode.swift; path = ChurLocationTests.swift; sourceTree = "<group>"; };
		B35662E023860F150027BE7B /* Info.plist */ = {isa = PBXFileReference; lastKnownFileType = text.plist.xml; path = Info.plist; sourceTree = "<group>"; };
		B35662EE238615A10027BE7B /* ChurLocationExamples.app */ = {isa = PBXFileReference; explicitFileType = wrapper.application; includeInIndex = 0; path = ChurLocationExamples.app; sourceTree = BUILT_PRODUCTS_DIR; };
		B35662F0238615A10027BE7B /* AppDelegate.swift */ = {isa = PBXFileReference; lastKnownFileType = sourcecode.swift; path = AppDelegate.swift; sourceTree = "<group>"; };
		B35662F2238615A10027BE7B /* SceneDelegate.swift */ = {isa = PBXFileReference; lastKnownFileType = sourcecode.swift; path = SceneDelegate.swift; sourceTree = "<group>"; };
		B35662F4238615A10027BE7B /* ContentView.swift */ = {isa = PBXFileReference; lastKnownFileType = sourcecode.swift; path = ContentView.swift; sourceTree = "<group>"; };
		B35662F6238615A30027BE7B /* Assets.xcassets */ = {isa = PBXFileReference; lastKnownFileType = folder.assetcatalog; path = Assets.xcassets; sourceTree = "<group>"; };
		B35662F9238615A30027BE7B /* Preview Assets.xcassets */ = {isa = PBXFileReference; lastKnownFileType = folder.assetcatalog; path = "Preview Assets.xcassets"; sourceTree = "<group>"; };
		B35662FC238615A30027BE7B /* Base */ = {isa = PBXFileReference; lastKnownFileType = file.storyboard; name = Base; path = Base.lproj/LaunchScreen.storyboard; sourceTree = "<group>"; };
		B35662FE238615A30027BE7B /* Info.plist */ = {isa = PBXFileReference; lastKnownFileType = text.plist.xml; path = Info.plist; sourceTree = "<group>"; };
		B356630223861A9B0027BE7B /* ChurLocation.swift */ = {isa = PBXFileReference; lastKnownFileType = sourcecode.swift; path = ChurLocation.swift; sourceTree = "<group>"; };
/* End PBXFileReference section */

/* Begin PBXFrameworksBuildPhase section */
		B35662CD23860F150027BE7B /* Frameworks */ = {
			isa = PBXFrameworksBuildPhase;
			buildActionMask = 2147483647;
			files = (
			);
			runOnlyForDeploymentPostprocessing = 0;
		};
		B35662D623860F150027BE7B /* Frameworks */ = {
			isa = PBXFrameworksBuildPhase;
			buildActionMask = 2147483647;
			files = (
				B35662DA23860F150027BE7B /* ChurLocation.framework in Frameworks */,
			);
			runOnlyForDeploymentPostprocessing = 0;
		};
		B35662EB238615A10027BE7B /* Frameworks */ = {
			isa = PBXFrameworksBuildPhase;
			buildActionMask = 2147483647;
			files = (
			);
			runOnlyForDeploymentPostprocessing = 0;
		};
/* End PBXFrameworksBuildPhase section */

/* Begin PBXGroup section */
		B35662C623860F150027BE7B = {
			isa = PBXGroup;
			children = (
				B35662D223860F150027BE7B /* ChurLocation */,
				B35662DD23860F150027BE7B /* ChurLocationTests */,
				B35662EF238615A10027BE7B /* ChurLocationExamples */,
				B35662D123860F150027BE7B /* Products */,
			);
			sourceTree = "<group>";
		};
		B35662D123860F150027BE7B /* Products */ = {
			isa = PBXGroup;
			children = (
				B35662D023860F150027BE7B /* ChurLocation.framework */,
				B35662D923860F150027BE7B /* ChurLocationTests.xctest */,
				B35662EE238615A10027BE7B /* ChurLocationExamples.app */,
			);
			name = Products;
			sourceTree = "<group>";
		};
		B35662D223860F150027BE7B /* ChurLocation */ = {
			isa = PBXGroup;
			children = (
				B35662D323860F150027BE7B /* ChurLocation.h */,
				B35662D423860F150027BE7B /* Info.plist */,
				B356630223861A9B0027BE7B /* ChurLocation.swift */,
			);
			path = ChurLocation;
			sourceTree = "<group>";
		};
		B35662DD23860F150027BE7B /* ChurLocationTests */ = {
			isa = PBXGroup;
			children = (
				B35662DE23860F150027BE7B /* ChurLocationTests.swift */,
				B35662E023860F150027BE7B /* Info.plist */,
			);
			path = ChurLocationTests;
			sourceTree = "<group>";
		};
		B35662EF238615A10027BE7B /* ChurLocationExamples */ = {
			isa = PBXGroup;
			children = (
				B35662F0238615A10027BE7B /* AppDelegate.swift */,
				B35662F2238615A10027BE7B /* SceneDelegate.swift */,
				B35662F4238615A10027BE7B /* ContentView.swift */,
				B35662F6238615A30027BE7B /* Assets.xcassets */,
				B35662FB238615A30027BE7B /* LaunchScreen.storyboard */,
				B35662FE238615A30027BE7B /* Info.plist */,
				B35662F8238615A30027BE7B /* Preview Content */,
			);
			path = ChurLocationExamples;
			sourceTree = "<group>";
		};
		B35662F8238615A30027BE7B /* Preview Content */ = {
			isa = PBXGroup;
			children = (
				B35662F9238615A30027BE7B /* Preview Assets.xcassets */,
			);
			path = "Preview Content";
			sourceTree = "<group>";
		};
/* End PBXGroup section */

/* Begin PBXHeadersBuildPhase section */
		B35662CB23860F150027BE7B /* Headers */ = {
			isa = PBXHeadersBuildPhase;
			buildActionMask = 2147483647;
			files = (
				B35662E123860F150027BE7B /* ChurLocation.h in Headers */,
			);
			runOnlyForDeploymentPostprocessing = 0;
		};
/* End PBXHeadersBuildPhase section */

/* Begin PBXNativeTarget section */
		B35662CF23860F150027BE7B /* ChurLocation */ = {
			isa = PBXNativeTarget;
			buildConfigurationList = B35662E423860F150027BE7B /* Build configuration list for PBXNativeTarget "ChurLocation" */;
			buildPhases = (
				B35662CB23860F150027BE7B /* Headers */,
				B35662CC23860F150027BE7B /* Sources */,
				B35662CD23860F150027BE7B /* Frameworks */,
				B35662CE23860F150027BE7B /* Resources */,
			);
			buildRules = (
			);
			dependencies = (
			);
			name = ChurLocation;
			productName = ChurLocation;
			productReference = B35662D023860F150027BE7B /* ChurLocation.framework */;
			productType = "com.apple.product-type.framework";
		};
		B35662D823860F150027BE7B /* ChurLocationTests */ = {
			isa = PBXNativeTarget;
			buildConfigurationList = B35662E723860F150027BE7B /* Build configuration list for PBXNativeTarget "ChurLocationTests" */;
			buildPhases = (
				B35662D523860F150027BE7B /* Sources */,
				B35662D623860F150027BE7B /* Frameworks */,
				B35662D723860F150027BE7B /* Resources */,
			);
			buildRules = (
			);
			dependencies = (
				B35662DC23860F150027BE7B /* PBXTargetDependency */,
			);
			name = ChurLocationTests;
			productName = ChurLocationTests;
			productReference = B35662D923860F150027BE7B /* ChurLocationTests.xctest */;
			productType = "com.apple.product-type.bundle.unit-test";
		};
		B35662ED238615A10027BE7B /* ChurLocationExamples */ = {
			isa = PBXNativeTarget;
			buildConfigurationList = B35662FF238615A30027BE7B /* Build configuration list for PBXNativeTarget "ChurLocationExamples" */;
			buildPhases = (
				B35662EA238615A10027BE7B /* Sources */,
				B35662EB238615A10027BE7B /* Frameworks */,
				B35662EC238615A10027BE7B /* Resources */,
			);
			buildRules = (
			);
			dependencies = (
			);
			name = ChurLocationExamples;
			productName = ChurLocationExamples;
			productReference = B35662EE238615A10027BE7B /* ChurLocationExamples.app */;
			productType = "com.apple.product-type.application";
		};
/* End PBXNativeTarget section */

/* Begin PBXProject section */
		B35662C723860F150027BE7B /* Project object */ = {
			isa = PBXProject;
			attributes = {
				LastSwiftUpdateCheck = 1100;
				LastUpgradeCheck = 1100;
				ORGANIZATIONNAME = "Chur Networks";
				TargetAttributes = {
					B35662CF23860F150027BE7B = {
						CreatedOnToolsVersion = 11.0;
						LastSwiftMigration = 1100;
					};
					B35662D823860F150027BE7B = {
						CreatedOnToolsVersion = 11.0;
					};
					B35662ED238615A10027BE7B = {
						CreatedOnToolsVersion = 11.0;
					};
				};
			};
			buildConfigurationList = B35662CA23860F150027BE7B /* Build configuration list for PBXProject "ChurLocation" */;
			compatibilityVersion = "Xcode 9.3";
			developmentRegion = en;
			hasScannedForEncodings = 0;
			knownRegions = (
				en,
				Base,
			);
			mainGroup = B35662C623860F150027BE7B;
			productRefGroup = B35662D123860F150027BE7B /* Products */;
			projectDirPath = "";
			projectRoot = "";
			targets = (
				B35662CF23860F150027BE7B /* ChurLocation */,
				B35662D823860F150027BE7B /* ChurLocationTests */,
				B35662ED238615A10027BE7B /* ChurLocationExamples */,
			);
		};
/* End PBXProject section */

/* Begin PBXResourcesBuildPhase section */
		B35662CE23860F150027BE7B /* Resources */ = {
			isa = PBXResourcesBuildPhase;
			buildActionMask = 2147483647;
			files = (
			);
			runOnlyForDeploymentPostprocessing = 0;
		};
		B35662D723860F150027BE7B /* Resources */ = {
			isa = PBXResourcesBuildPhase;
			buildActionMask = 2147483647;
			files = (
			);
			runOnlyForDeploymentPostprocessing = 0;
		};
		B35662EC238615A10027BE7B /* Resources */ = {
			isa = PBXResourcesBuildPhase;
			buildActionMask = 2147483647;
			files = (
				B35662FD238615A30027BE7B /* LaunchScreen.storyboard in Resources */,
				B35662FA238615A30027BE7B /* Preview Assets.xcassets in Resources */,
				B35662F7238615A30027BE7B /* Assets.xcassets in Resources */,
			);
			runOnlyForDeploymentPostprocessing = 0;
		};
/* End PBXResourcesBuildPhase section */

/* Begin PBXSourcesBuildPhase section */
		B35662CC23860F150027BE7B /* Sources */ = {
			isa = PBXSourcesBuildPhase;
			buildActionMask = 2147483647;
			files = (
				B356630323861A9B0027BE7B /* ChurLocation.swift in Sources */,
			);
			runOnlyForDeploymentPostprocessing = 0;
		};
		B35662D523860F150027BE7B /* Sources */ = {
			isa = PBXSourcesBuildPhase;
			buildActionMask = 2147483647;
			files = (
				B35662DF23860F150027BE7B /* ChurLocationTests.swift in Sources */,
			);
			runOnlyForDeploymentPostprocessing = 0;
		};
		B35662EA238615A10027BE7B /* Sources */ = {
			isa = PBXSourcesBuildPhase;
			buildActionMask = 2147483647;
			files = (
				B35662F1238615A10027BE7B /* AppDelegate.swift in Sources */,
				B35662F3238615A10027BE7B /* SceneDelegate.swift in Sources */,
				B35662F5238615A10027BE7B /* ContentView.swift in Sources */,
			);
			runOnlyForDeploymentPostprocessing = 0;
		};
/* End PBXSourcesBuildPhase section */

/* Begin PBXTargetDependency section */
		B35662DC23860F150027BE7B /* PBXTargetDependency */ = {
			isa = PBXTargetDependency;
			target = B35662CF23860F150027BE7B /* ChurLocation */;
			targetProxy = B35662DB23860F150027BE7B /* PBXContainerItemProxy */;
		};
/* End PBXTargetDependency section */

/* Begin PBXVariantGroup section */
		B35662FB238615A30027BE7B /* LaunchScreen.storyboard */ = {
			isa = PBXVariantGroup;
			children = (
				B35662FC238615A30027BE7B /* Base */,
			);
			name = LaunchScreen.storyboard;
			sourceTree = "<group>";
		};
/* End PBXVariantGroup section */

/* Begin XCBuildConfiguration section */
		B35662E223860F150027BE7B /* Debug */ = {
			isa = XCBuildConfiguration;
			buildSettings = {
				ALWAYS_SEARCH_USER_PATHS = NO;
				CLANG_ANALYZER_NONNULL = YES;
				CLANG_ANALYZER_NUMBER_OBJECT_CONVERSION = YES_AGGRESSIVE;
				CLANG_CXX_LANGUAGE_STANDARD = "gnu++14";
				CLANG_CXX_LIBRARY = "libc++";
				CLANG_ENABLE_MODULES = YES;
				CLANG_ENABLE_OBJC_ARC = YES;
				CLANG_ENABLE_OBJC_WEAK = YES;
				CLANG_WARN_BLOCK_CAPTURE_AUTORELEASING = YES;
				CLANG_WARN_BOOL_CONVERSION = YES;
				CLANG_WARN_COMMA = YES;
				CLANG_WARN_CONSTANT_CONVERSION = YES;
				CLANG_WARN_DEPRECATED_OBJC_IMPLEMENTATIONS = YES;
				CLANG_WARN_DIRECT_OBJC_ISA_USAGE = YES_ERROR;
				CLANG_WARN_DOCUMENTATION_COMMENTS = YES;
				CLANG_WARN_EMPTY_BODY = YES;
				CLANG_WARN_ENUM_CONVERSION = YES;
				CLANG_WARN_INFINITE_RECURSION = YES;
				CLANG_WARN_INT_CONVERSION = YES;
				CLANG_WARN_NON_LITERAL_NULL_CONVERSION = YES;
				CLANG_WARN_OBJC_IMPLICIT_RETAIN_SELF = YES;
				CLANG_WARN_OBJC_LITERAL_CONVERSION = YES;
				CLANG_WARN_OBJC_ROOT_CLASS = YES_ERROR;
				CLANG_WARN_RANGE_LOOP_ANALYSIS = YES;
				CLANG_WARN_STRICT_PROTOTYPES = YES;
				CLANG_WARN_SUSPICIOUS_MOVE = YES;
				CLANG_WARN_UNGUARDED_AVAILABILITY = YES_AGGRESSIVE;
				CLANG_WARN_UNREACHABLE_CODE = YES;
				CLANG_WARN__DUPLICATE_METHOD_MATCH = YES;
				COPY_PHASE_STRIP = NO;
				CURRENT_PROJECT_VERSION = 1;
				DEBUG_INFORMATION_FORMAT = dwarf;
				ENABLE_STRICT_OBJC_MSGSEND = YES;
				ENABLE_TESTABILITY = YES;
				GCC_C_LANGUAGE_STANDARD = gnu11;
				GCC_DYNAMIC_NO_PIC = NO;
				GCC_NO_COMMON_BLOCKS = YES;
				GCC_OPTIMIZATION_LEVEL = 0;
				GCC_PREPROCESSOR_DEFINITIONS = (
					"DEBUG=1",
					"$(inherited)",
				);
				GCC_WARN_64_TO_32_BIT_CONVERSION = YES;
				GCC_WARN_ABOUT_RETURN_TYPE = YES_ERROR;
				GCC_WARN_UNDECLARED_SELECTOR = YES;
				GCC_WARN_UNINITIALIZED_AUTOS = YES_AGGRESSIVE;
				GCC_WARN_UNUSED_FUNCTION = YES;
				GCC_WARN_UNUSED_VARIABLE = YES;
				IPHONEOS_DEPLOYMENT_TARGET = 13.0;
				MTL_ENABLE_DEBUG_INFO = INCLUDE_SOURCE;
				MTL_FAST_MATH = YES;
				ONLY_ACTIVE_ARCH = YES;
				SDKROOT = iphoneos;
				SWIFT_ACTIVE_COMPILATION_CONDITIONS = DEBUG;
				SWIFT_OPTIMIZATION_LEVEL = "-Onone";
				VERSIONING_SYSTEM = "apple-generic";
				VERSION_INFO_PREFIX = "";
			};
			name = Debug;
		};
		B35662E323860F150027BE7B /* Release */ = {
			isa = XCBuildConfiguration;
			buildSettings = {
				ALWAYS_SEARCH_USER_PATHS = NO;
				CLANG_ANALYZER_NONNULL = YES;
				CLANG_ANALYZER_NUMBER_OBJECT_CONVERSION = YES_AGGRESSIVE;
				CLANG_CXX_LANGUAGE_STANDARD = "gnu++14";
				CLANG_CXX_LIBRARY = "libc++";
				CLANG_ENABLE_MODULES = YES;
				CLANG_ENABLE_OBJC_ARC = YES;
				CLANG_ENABLE_OBJC_WEAK = YES;
				CLANG_WARN_BLOCK_CAPTURE_AUTORELEASING = YES;
				CLANG_WARN_BOOL_CONVERSION = YES;
				CLANG_WARN_COMMA = YES;
				CLANG_WARN_CONSTANT_CONVERSION = YES;
				CLANG_WARN_DEPRECATED_OBJC_IMPLEMENTATIONS = YES;
				CLANG_WARN_DIRECT_OBJC_ISA_USAGE = YES_ERROR;
				CLANG_WARN_DOCUMENTATION_COMMENTS = YES;
				CLANG_WARN_EMPTY_BODY = YES;
				CLANG_WARN_ENUM_CONVERSION = YES;
				CLANG_WARN_INFINITE_RECURSION = YES;
				CLANG_WARN_INT_CONVERSION = YES;
				CLANG_WARN_NON_LITERAL_NULL_CONVERSION = YES;
				CLANG_WARN_OBJC_IMPLICIT_RETAIN_SELF = YES;
				CLANG_WARN_OBJC_LITERAL_CONVERSION = YES;
				CLANG_WARN_OBJC_ROOT_CLASS = YES_ERROR;
				CLANG_WARN_RANGE_LOOP_ANALYSIS = YES;
				CLANG_WARN_STRICT_PROTOTYPES = YES;
				CLANG_WARN_SUSPICIOUS_MOVE = YES;
				CLANG_WARN_UNGUARDED_AVAILABILITY = YES_AGGRESSIVE;
				CLANG_WARN_UNREACHABLE_CODE = YES;
				CLANG_WARN__DUPLICATE_METHOD_MATCH = YES;
				COPY_PHASE_STRIP = NO;
				CURRENT_PROJECT_VERSION = 1;
				DEBUG_INFORMATION_FORMAT = "dwarf-with-dsym";
				ENABLE_NS_ASSERTIONS = NO;
				ENABLE_STRICT_OBJC_MSGSEND = YES;
				GCC_C_LANGUAGE_STANDARD = gnu11;
				GCC_NO_COMMON_BLOCKS = YES;
				GCC_WARN_64_TO_32_BIT_CONVERSION = YES;
				GCC_WARN_ABOUT_RETURN_TYPE = YES_ERROR;
				GCC_WARN_UNDECLARED_SELECTOR = YES;
				GCC_WARN_UNINITIALIZED_AUTOS = YES_AGGRESSIVE;
				GCC_WARN_UNUSED_FUNCTION = YES;
				GCC_WARN_UNUSED_VARIABLE = YES;
				IPHONEOS_DEPLOYMENT_TARGET = 13.0;
				MTL_ENABLE_DEBUG_INFO = NO;
				MTL_FAST_MATH = YES;
				SDKROOT = iphoneos;
				SWIFT_COMPILATION_MODE = wholemodule;
				SWIFT_OPTIMIZATION_LEVEL = "-O";
				VALIDATE_PRODUCT = YES;
				VERSIONING_SYSTEM = "apple-generic";
				VERSION_INFO_PREFIX = "";
			};
			name = Release;
		};
		B35662E523860F150027BE7B /* Debug */ = {
			isa = XCBuildConfiguration;
			buildSettings = {
				CLANG_ENABLE_MODULES = YES;
				CODE_SIGN_STYLE = Automatic;
				DEFINES_MODULE = YES;
				DEVELOPMENT_TEAM = NJ95R63YAQ;
				DYLIB_COMPATIBILITY_VERSION = 1;
				DYLIB_CURRENT_VERSION = 1;
				DYLIB_INSTALL_NAME_BASE = "@rpath";
				INFOPLIST_FILE = ChurLocation/Info.plist;
				INSTALL_PATH = "$(LOCAL_LIBRARY_DIR)/Frameworks";
				IPHONEOS_DEPLOYMENT_TARGET = 12.0;
				LD_RUNPATH_SEARCH_PATHS = (
					"$(inherited)",
					"@executable_path/Frameworks",
					"@loader_path/Frameworks",
				);
				PRODUCT_BUNDLE_IDENTIFIER = com.churnetworks.ChurLocation;
				PRODUCT_NAME = "$(TARGET_NAME:c99extidentifier)";
				SKIP_INSTALL = YES;
				SUPPORTS_MACCATALYST = NO;
				SWIFT_OPTIMIZATION_LEVEL = "-Onone";
				SWIFT_VERSION = 5.0;
				TARGETED_DEVICE_FAMILY = "1,2";
			};
			name = Debug;
		};
		B35662E623860F150027BE7B /* Release */ = {
			isa = XCBuildConfiguration;
			buildSettings = {
				CLANG_ENABLE_MODULES = YES;
				CODE_SIGN_STYLE = Automatic;
				DEFINES_MODULE = YES;
				DEVELOPMENT_TEAM = NJ95R63YAQ;
				DYLIB_COMPATIBILITY_VERSION = 1;
				DYLIB_CURRENT_VERSION = 1;
				DYLIB_INSTALL_NAME_BASE = "@rpath";
				INFOPLIST_FILE = ChurLocation/Info.plist;
				INSTALL_PATH = "$(LOCAL_LIBRARY_DIR)/Frameworks";
				IPHONEOS_DEPLOYMENT_TARGET = 12.0;
				LD_RUNPATH_SEARCH_PATHS = (
					"$(inherited)",
					"@executable_path/Frameworks",
					"@loader_path/Frameworks",
				);
				PRODUCT_BUNDLE_IDENTIFIER = com.churnetworks.ChurLocation;
				PRODUCT_NAME = "$(TARGET_NAME:c99extidentifier)";
				SKIP_INSTALL = YES;
				SUPPORTS_MACCATALYST = NO;
				SWIFT_VERSION = 5.0;
				TARGETED_DEVICE_FAMILY = "1,2";
			};
			name = Release;
		};
		B35662E823860F150027BE7B /* Debug */ = {
			isa = XCBuildConfiguration;
			buildSettings = {
				ALWAYS_EMBED_SWIFT_STANDARD_LIBRARIES = YES;
				CODE_SIGN_STYLE = Automatic;
				DEVELOPMENT_TEAM = NJ95R63YAQ;
				INFOPLIST_FILE = ChurLocationTests/Info.plist;
				IPHONEOS_DEPLOYMENT_TARGET = 12.0;
				LD_RUNPATH_SEARCH_PATHS = (
					"$(inherited)",
					"@executable_path/Frameworks",
					"@loader_path/Frameworks",
				);
				PRODUCT_BUNDLE_IDENTIFIER = com.churnetworks.ChurLocationTests;
				PRODUCT_NAME = "$(TARGET_NAME)";
				SWIFT_VERSION = 5.0;
				TARGETED_DEVICE_FAMILY = "1,2";
			};
			name = Debug;
		};
		B35662E923860F150027BE7B /* Release */ = {
			isa = XCBuildConfiguration;
			buildSettings = {
				ALWAYS_EMBED_SWIFT_STANDARD_LIBRARIES = YES;
				CODE_SIGN_STYLE = Automatic;
				DEVELOPMENT_TEAM = NJ95R63YAQ;
				INFOPLIST_FILE = ChurLocationTests/Info.plist;
				IPHONEOS_DEPLOYMENT_TARGET = 12.0;
				LD_RUNPATH_SEARCH_PATHS = (
					"$(inherited)",
					"@executable_path/Frameworks",
					"@loader_path/Frameworks",
				);
				PRODUCT_BUNDLE_IDENTIFIER = com.churnetworks.ChurLocationTests;
				PRODUCT_NAME = "$(TARGET_NAME)";
				SWIFT_VERSION = 5.0;
				TARGETED_DEVICE_FAMILY = "1,2";
			};
			name = Release;
		};
		B3566300238615A30027BE7B /* Debug */ = {
			isa = XCBuildConfiguration;
			buildSettings = {
				ASSETCATALOG_COMPILER_APPICON_NAME = AppIcon;
				CODE_SIGN_STYLE = Automatic;
				DEVELOPMENT_ASSET_PATHS = "\"ChurLocationExamples/Preview Content\"";
				DEVELOPMENT_TEAM = NJ95R63YAQ;
				ENABLE_PREVIEWS = YES;
				INFOPLIST_FILE = ChurLocationExamples/Info.plist;
				IPHONEOS_DEPLOYMENT_TARGET = 12.0;
				LD_RUNPATH_SEARCH_PATHS = (
					"$(inherited)",
					"@executable_path/Frameworks",
				);
				PRODUCT_BUNDLE_IDENTIFIER = com.churnetworks.ChurLocationExamples;
				PRODUCT_NAME = "$(TARGET_NAME)";
				SWIFT_VERSION = 5.0;
				TARGETED_DEVICE_FAMILY = "1,2";
			};
			name = Debug;
		};
		B3566301238615A30027BE7B /* Release */ = {
			isa = XCBuildConfiguration;
			buildSettings = {
				ASSETCATALOG_COMPILER_APPICON_NAME = AppIcon;
				CODE_SIGN_STYLE = Automatic;
				DEVELOPMENT_ASSET_PATHS = "\"ChurLocationExamples/Preview Content\"";
				DEVELOPMENT_TEAM = NJ95R63YAQ;
				ENABLE_PREVIEWS = YES;
				INFOPLIST_FILE = ChurLocationExamples/Info.plist;
				IPHONEOS_DEPLOYMENT_TARGET = 12.0;
				LD_RUNPATH_SEARCH_PATHS = (
					"$(inherited)",
					"@executable_path/Frameworks",
				);
				PRODUCT_BUNDLE_IDENTIFIER = com.churnetworks.ChurLocationExamples;
				PRODUCT_NAME = "$(TARGET_NAME)";
				SWIFT_VERSION = 5.0;
				TARGETED_DEVICE_FAMILY = "1,2";
			};
			name = Release;
		};
/* End XCBuildConfiguration section */

/* Begin XCConfigurationList section */
		B35662CA23860F150027BE7B /* Build configuration list for PBXProject "ChurLocation" */ = {
			isa = XCConfigurationList;
			buildConfigurations = (
				B35662E223860F150027BE7B /* Debug */,
				B35662E323860F150027BE7B /* Release */,
			);
			defaultConfigurationIsVisible = 0;
			defaultConfigurationName = Release;
		};
		B35662E423860F150027BE7B /* Build configuration list for PBXNativeTarget "ChurLocation" */ = {
			isa = XCConfigurationList;
			buildConfigurations = (
				B35662E523860F150027BE7B /* Debug */,
				B35662E623860F150027BE7B /* Release */,
			);
			defaultConfigurationIsVisible = 0;
			defaultConfigurationName = Release;
		};
		B35662E723860F150027BE7B /* Build configuration list for PBXNativeTarget "ChurLocationTests" */ = {
			isa = XCConfigurationList;
			buildConfigurations = (
				B35662E823860F150027BE7B /* Debug */,
				B35662E923860F150027BE7B /* Release */,
			);
			defaultConfigurationIsVisible = 0;
			defaultConfigurationName = Release;
		};
		B35662FF238615A30027BE7B /* Build configuration list for PBXNativeTarget "ChurLocationExamples" */ = {
			isa = XCConfigurationList;
			buildConfigurations = (
				B3566300238615A30027BE7B /* Debug */,
				B3566301238615A30027BE7B /* Release */,
			);
			defaultConfigurationIsVisible = 0;
			defaultConfigurationName = Release;
		};
/* End XCConfigurationList section */
	};
	rootObject = B35662C723860F150027BE7B /* Project object */;
}
